
Microsoft Visual Studio Solution File, Format Version 12.00
# Visual Studio 15
VisualStudioVersion = 15.0.27004.2005
MinimumVisualStudioVersion = 10.0.40219.1
Project("{FAE04EC0-301F-11D3-BF4B-00C04F79EFBC}") = "LoggerExample", "LoggerExample\LoggerExample.csproj", "{A36BD9C3-8F8D-47FA-B42B-AB344F8D9D8F}"
EndProject
Global
	GlobalSection(SolutionConfigurationPlatforms) = preSolution
		Debug|ARM = Debug|ARM
		Debug|x64 = Debug|x64
		Debug|x86 = Debug|x86
		Release|ARM = Release|ARM
		Release|x64 = Release|x64
		Release|x86 = Release|x86
	EndGlobalSection
	GlobalSection(ProjectConfigurationPlatforms) = postSolution
		{A36BD9C3-8F8D-47FA-B42B-AB344F8D9D8F}.Debug|ARM.ActiveCfg = Debug|ARM
		{A36BD9C3-8F8D-47FA-B42B-AB344F8D9D8F}.Debug|ARM.Build.0 = Debug|ARM
		{A36BD9C3-8F8D-47FA-B42B-AB344F8D9D8F}.Debug|ARM.Deploy.0 = Debug|ARM
		{A36BD9C3-8F8D-47FA-B42B-AB344F8D9D8F}.Debug|x64.ActiveCfg = Debug|x64
		{A36BD9C3-8F8D-47FA-B42B-AB344F8D9D8F}.Debug|x64.Build.0 = Debug|x64
		{A36BD9C3-8F8D-47FA-B42B-AB344F8D9D8F}.Debug|x64.Deploy.0 = Debug|x64
		{A36BD9C3-8F8D-47FA-B42B-AB344F8D9D8F}.Debug|x86.ActiveCfg = Debug|x86
		{A36BD9C3-8F8D-47FA-B42B-AB344F8D9D8F}.Debug|x86.Build.0 = Debug|x86
		{A36BD9C3-8F8D-47FA-B42B-AB344F8D9D8F}.Debug|x86.Deploy.0 = Debug|x86
		{A36BD9C3-8F8D-47FA-B42B-AB344F8D9D8F}.Release|ARM.ActiveCfg = Release|ARM
		{A36BD9C3-8F8D-47FA-B42B-AB344F8D9D8F}.Release|ARM.Build.0 = Release|ARM
		{A36BD9C3-8F8D-47FA-B42B-AB344F8D9D8F}.Release|ARM.Deploy.0 = Release|ARM
		{A36BD9C3-8F8D-47FA-B42B-AB344F8D9D8F}.Release|x64.ActiveCfg = Release|x64
		{A36BD9C3-8F8D-47FA-B42B-AB344F8D9D8F}.Release|x64.Build.0 = Release|x64
		{A36BD9C3-8F8D-47FA-B42B-AB344F8D9D8F}.Release|x64.Deploy.0 = Release|x64
		{A36BD9C3-8F8D-47FA-B42B-AB344F8D9D8F}.Release|x86.ActiveCfg = Release|x86
		{A36BD9C3-8F8D-47FA-B42B-AB344F8D9D8F}.Release|x86.Build.0 = Release|x86
		{A36BD9C3-8F8D-47FA-B42B-AB344F8D9D8F}.Release|x86.Deploy.0 = Release|x86
	EndGlobalSection
	GlobalSection(SolutionProperties) = preSolution
		HideSolutionNode = FALSE
	EndGlobalSection
	GlobalSection(ExtensibilityGlobals) = postSolution
		SolutionGuid = {587A3106-800F-4A49-9660-C7B3DE374172}
	EndGlobalSection
EndGlobal
